
Microsoft Visual Studio Solution File, Format Version 12.00
# Visual Studio 2015
Project("{FAE04EC0-301F-11D3-BF4B-00C04F79EFBC}") = "Apollo.Plugins", "Apollo.Plugins.csproj", "{D9CB5518-3A43-6580-7E36-60CAEACF1BBB}"
EndProject
Project("{FAE04EC0-301F-11D3-BF4B-00C04F79EFBC}") = "Apollo", "Apollo.csproj", "{A6242E3F-ECD9-EF30-0E18-82423FC042F3}"
EndProject
Project("{FAE04EC0-301F-11D3-BF4B-00C04F79EFBC}") = "Apollo.Editor.Plugins", "Apollo.Editor.Plugins.csproj", "{5CFFAC6D-5210-3C33-3358-C0A3EC552F0C}"
EndProject
Global
	GlobalSection(SolutionConfigurationPlatforms) = preSolution
		Debug|Any CPU = Debug|Any CPU
		Release|Any CPU = Release|Any CPU
	EndGlobalSection
	GlobalSection(ProjectConfigurationPlatforms) = postSolution
		{D9CB5518-3A43-6580-7E36-60CAEACF1BBB}.Debug|Any CPU.ActiveCfg = Debug|Any CPU
		{D9CB5518-3A43-6580-7E36-60CAEACF1BBB}.Debug|Any CPU.Build.0 = Debug|Any CPU
		{D9CB5518-3A43-6580-7E36-60CAEACF1BBB}.Release|Any CPU.ActiveCfg = Release|Any CPU
		{D9CB5518-3A43-6580-7E36-60CAEACF1BBB}.Release|Any CPU.Build.0 = Release|Any CPU
		{A6242E3F-ECD9-EF30-0E18-82423FC042F3}.Debug|Any CPU.ActiveCfg = Debug|Any CPU
		{A6242E3F-ECD9-EF30-0E18-82423FC042F3}.Debug|Any CPU.Build.0 = Debug|Any CPU
		{A6242E3F-ECD9-EF30-0E18-82423FC042F3}.Release|Any CPU.ActiveCfg = Release|Any CPU
		{A6242E3F-ECD9-EF30-0E18-82423FC042F3}.Release|Any CPU.Build.0 = Release|Any CPU
		{5CFFAC6D-5210-3C33-3358-C0A3EC552F0C}.Debug|Any CPU.ActiveCfg = Debug|Any CPU
		{5CFFAC6D-5210-3C33-3358-C0A3EC552F0C}.Debug|Any CPU.Build.0 = Debug|Any CPU
		{5CFFAC6D-5210-3C33-3358-C0A3EC552F0C}.Release|Any CPU.ActiveCfg = Release|Any CPU
		{5CFFAC6D-5210-3C33-3358-C0A3EC552F0C}.Release|Any CPU.Build.0 = Release|Any CPU
	EndGlobalSection
	GlobalSection(SolutionProperties) = preSolution
		HideSolutionNode = FALSE
	EndGlobalSection
EndGlobal
